<?xml version="1.0" encoding="utf-8"?>
<Project ToolsVersion="4.0" xmlns="http://schemas.microsoft.com/developer/msbuild/2003">
  <ItemGroup>
    <Filter Include="源文件">
      <UniqueIdentifier>{4FC737F1-C7A5-4376-A066-2A32D752A2FF}</UniqueIdentifier>
      <Extensions>cpp;c;cc;cxx;c++;cppm;ixx;def;odl;idl;hpj;bat;asm;asmx</Extensions>
    </Filter>
    <Filter Include="头文件">
      <UniqueIdentifier>{93995380-89BD-4b04-88EB-625FBE52EBFB}</UniqueIdentifier>
      <Extensions>h;hh;hpp;hxx;h++;hm;inl;inc;ipp;xsd</Extensions>
    </Filter>
    <Filter Include="资源文件">
      <UniqueIdentifier>{67DA6AB6-F800-4c08-8B7A-83BB121AAD01}</UniqueIdentifier>
      <Extensions>rc;ico;cur;bmp;dlg;rc2;rct;bin;rgs;gif;jpg;jpeg;jpe;resx;tiff;tif;png;wav;mfcribbon-ms</Extensions>
    </Filter>
    <Filter Include="Core">
      <UniqueIdentifier>{2309e665-8a16-497c-860b-b4abd3f4b14a}</UniqueIdentifier>
    </Filter>
    <Filter Include="Entities">
      <UniqueIdentifier>{31432813-5673-47cf-b495-d0b6e914e87c}</UniqueIdentifier>
    </Filter>
    <Filter Include="Systems">
      <UniqueIdentifier>{32930094-007a-48ab-8f98-6d9ae1c504ab}</UniqueIdentifier>
    </Filter>
    <Filter Include="Game">
      <UniqueIdentifier>{1be301d1-5498-4797-b76c-04347c03cc74}</UniqueIdentifier>
    </Filter>
    <Filter Include="Img">
      <UniqueIdentifier>{3d68f6b2-6412-4c55-8614-20be1a97a58f}</UniqueIdentifier>
    </Filter>
  </ItemGroup>
  <ItemGroup>
    <ClCompile Include="main.cpp">
      <Filter>源文件</Filter>
    </ClCompile>
    <ClCompile Include="Player.cpp">
      <Filter>Entities</Filter>
    </ClCompile>
    <ClCompile Include="Bullet.cpp">
      <Filter>Entities</Filter>
    </ClCompile>
    <ClCompile Include="Enemy.cpp">
      <Filter>Entities</Filter>
    </ClCompile>
    <ClCompile Include="ExpenrienceGem.cpp">
      <Filter>Entities</Filter>
    </ClCompile>
    <ClCompile Include="WeaponSystem.cpp">
      <Filter>Systems</Filter>
    </ClCompile>
    <ClCompile Include="EnemySpawner.cpp">
      <Filter>Systems</Filter>
    </ClCompile>
    <ClCompile Include="MeleeAttack.cpp">
      <Filter>Systems</Filter>
    </ClCompile>
    <ClCompile Include="SurvivorGame.cpp">
      <Filter>Game</Filter>
    </ClCompile>
    <ClCompile Include="EnhancedWeaponSystem.cpp">
      <Filter>Systems</Filter>
    </ClCompile>
    <ClCompile Include="SkillSystem.cpp">
      <Filter>Systems</Filter>
    </ClCompile>
    <ClCompile Include="MainMenu.cpp">
      <Filter>Game</Filter>
    </ClCompile>
    <ClCompile Include="Item2.cpp">
      <Filter>Entities</Filter>
    </ClCompile>
    <ClCompile Include="ItemSystem.cpp">
      <Filter>Systems</Filter>
    </ClCompile>
    <ClCompile Include="ImageManager.cpp">
      <Filter>Img</Filter>
    </ClCompile>
    <ClCompile Include="StartScreen.cpp">
      <Filter>Game</Filter>
    </ClCompile>
  </ItemGroup>
  <ItemGroup>
    <ClInclude Include="Vector2.h">
      <Filter>Core</Filter>
    </ClInclude>
    <ClInclude Include="GameConfig.h">
      <Filter>Core</Filter>
    </ClInclude>
    <ClInclude Include="GameObject.h">
      <Filter>Core</Filter>
    </ClInclude>
    <ClInclude Include="Player.h">
      <Filter>Entities</Filter>
    </ClInclude>
    <ClInclude Include="Bullet.h">
      <Filter>Entities</Filter>
    </ClInclude>
    <ClInclude Include="Enemy.h">
      <Filter>Entities</Filter>
    </ClInclude>
    <ClInclude Include="ExperienceGem.h">
      <Filter>Entities</Filter>
    </ClInclude>
    <ClInclude Include="WeaponSystem.h">
      <Filter>Systems</Filter>
    </ClInclude>
    <ClInclude Include="EnemySpawner.h">
      <Filter>Systems</Filter>
    </ClInclude>
    <ClInclude Include="MeleeAttack.h">
      <Filter>Systems</Filter>
    </ClInclude>
    <ClInclude Include="SurvivorGame.h">
      <Filter>Game</Filter>
    </ClInclude>
    <ClInclude Include="EnhancedWeaponSystem.h">
      <Filter>Systems</Filter>
    </ClInclude>
    <ClInclude Include="Character.h">
      <Filter>Core</Filter>
    </ClInclude>
    <ClInclude Include="SkillSystem.h">
      <Filter>Systems</Filter>
    </ClInclude>
    <ClInclude Include="MainMenu.h">
      <Filter>Game</Filter>
    </ClInclude>
    <ClInclude Include="Item.h">
      <Filter>Core</Filter>
    </ClInclude>
    <ClInclude Include="Item2.h">
      <Filter>Entities</Filter>
    </ClInclude>
    <ClInclude Include="ItemSystem.h">
      <Filter>Systems</Filter>
    </ClInclude>
    <ClInclude Include="ImageManager.h">
      <Filter>Img</Filter>
    </ClInclude>
    <ClInclude Include="StartScreen.h">
      <Filter>Game</Filter>
    </ClInclude>
  </ItemGroup>
</Project>